
Microsoft Visual Studio Solution File, Format Version 12.00
# Visual Studio Version 17
VisualStudioVersion = 17.8.34322.80
MinimumVisualStudioVersion = 10.0.40219.1
Project("{FAE04EC0-301F-11D3-BF4B-00C04F79EFBC}") = "Avaloi", "Avaloi.csproj", "{F1BCB74B-A3BC-4ABE-BF47-0DAA27038EEF}"
EndProject
Global
	GlobalSection(SolutionConfigurationPlatforms) = preSolution
		Debug|Any CPU = Debug|Any CPU
		Release|Any CPU = Release|Any CPU
	EndGlobalSection
	GlobalSection(ProjectConfigurationPlatforms) = postSolution
		{F1BCB74B-A3BC-4ABE-BF47-0DAA27038EEF}.Debug|Any CPU.ActiveCfg = Debug|Any CPU
		{F1BCB74B-A3BC-4ABE-BF47-0DAA27038EEF}.Debug|Any CPU.Build.0 = Debug|Any CPU
		{F1BCB74B-A3BC-4ABE-BF47-0DAA27038EEF}.Release|Any CPU.ActiveCfg = Release|Any CPU
		{F1BCB74B-A3BC-4ABE-BF47-0DAA27038EEF}.Release|Any CPU.Build.0 = Release|Any CPU
	EndGlobalSection
	GlobalSection(SolutionProperties) = preSolution
		HideSolutionNode = FALSE
	EndGlobalSection
	GlobalSection(ExtensibilityGlobals) = postSolution
		SolutionGuid = {A0F3A1A9-AD27-4194-8EDB-601BC8D56D13}
	EndGlobalSection
EndGlobal
